
Microsoft Visual Studio Solution File, Format Version 12.00
# Visual Studio Version 17
VisualStudioVersion = 17.0.32014.148
MinimumVisualStudioVersion = 10.0.40219.1
Project("{FAE04EC0-301F-11D3-BF4B-00C04F79EFBC}") = "TiendaVirtual.Api", "TiendaVirtual.Api\TiendaVirtual.Api.csproj", "{E0856727-8A1E-40EC-A015-5FB41A1713D0}"
EndProject
Project("{FAE04EC0-301F-11D3-BF4B-00C04F79EFBC}") = "TiendaVirtual.Core", "TiiendaVirtual.Core\TiendaVirtual.Core.csproj", "{158820D6-BAB3-490F-B5C5-D2ADA756E38A}"
EndProject
Project("{FAE04EC0-301F-11D3-BF4B-00C04F79EFBC}") = "TiendaVirtual.Infrastruture", "TiendaVirtual.Infrastruture\TiendaVirtual.Infrastruture.csproj", "{3CC43A51-4143-487C-BA92-C75523031509}"
EndProject
Global
	GlobalSection(SolutionConfigurationPlatforms) = preSolution
		Debug|Any CPU = Debug|Any CPU
		Release|Any CPU = Release|Any CPU
	EndGlobalSection
	GlobalSection(ProjectConfigurationPlatforms) = postSolution
		{E0856727-8A1E-40EC-A015-5FB41A1713D0}.Debug|Any CPU.ActiveCfg = Debug|Any CPU
		{E0856727-8A1E-40EC-A015-5FB41A1713D0}.Debug|Any CPU.Build.0 = Debug|Any CPU
		{E0856727-8A1E-40EC-A015-5FB41A1713D0}.Release|Any CPU.ActiveCfg = Release|Any CPU
		{E0856727-8A1E-40EC-A015-5FB41A1713D0}.Release|Any CPU.Build.0 = Release|Any CPU
		{158820D6-BAB3-490F-B5C5-D2ADA756E38A}.Debug|Any CPU.ActiveCfg = Debug|Any CPU
		{158820D6-BAB3-490F-B5C5-D2ADA756E38A}.Debug|Any CPU.Build.0 = Debug|Any CPU
		{158820D6-BAB3-490F-B5C5-D2ADA756E38A}.Release|Any CPU.ActiveCfg = Release|Any CPU
		{158820D6-BAB3-490F-B5C5-D2ADA756E38A}.Release|Any CPU.Build.0 = Release|Any CPU
		{3CC43A51-4143-487C-BA92-C75523031509}.Debug|Any CPU.ActiveCfg = Debug|Any CPU
		{3CC43A51-4143-487C-BA92-C75523031509}.Debug|Any CPU.Build.0 = Debug|Any CPU
		{3CC43A51-4143-487C-BA92-C75523031509}.Release|Any CPU.ActiveCfg = Release|Any CPU
		{3CC43A51-4143-487C-BA92-C75523031509}.Release|Any CPU.Build.0 = Release|Any CPU
	EndGlobalSection
	GlobalSection(SolutionProperties) = preSolution
		HideSolutionNode = FALSE
	EndGlobalSection
	GlobalSection(ExtensibilityGlobals) = postSolution
		SolutionGuid = {A78D7934-22F6-46C5-A58B-8242FE6A4215}
	EndGlobalSection
EndGlobal
